# When bumping the Alertmanager version, update both the download_url and the
# checksum below to match the new alertmanager-web-ui-<version>.tar.gz release
# asset (see https://github.com/prometheus/alertmanager/releases).
metadata:
  version: "1.0"
artifacts:
  - download_url: "https://github.com/prometheus/alertmanager/releases/download/v0.34.1/alertmanager-web-ui-0.34.1.tar.gz"
    checksum: "sha256:881fe0f7beb9573f35be47dd233af6220e72c8db72c03bcd1780402eb8dc1307"
    filename: "alertmanager-web-ui.tar.gz"
